# THIS IS AN AUTOGENERATED FILE. DO NOT EDIT THIS FILE DIRECTLY.
# yarn lockfile v1


multichain-node@^2.1.1-version1.0-beta1:
  version "2.1.1-version1.0-beta1"
  resolved "https://registry.yarnpkg.com/multichain-node/-/multichain-node-2.1.1-version1.0-beta1.tgz#23b4991b40c95c4a0af76fb767486a4b1a19381f"
